
Microsoft Visual Studio Solution File, Format Version 12.00
# Visual Studio 15
VisualStudioVersion = 15.0.27130.2024
MinimumVisualStudioVersion = 10.0.40219.1
Project("{FAE04EC0-301F-11D3-BF4B-00C04F79EFBC}") = "BotWindow", "BotWindow\BotWindow.csproj", "{70FBEC22-F403-4EC4-A759-DA1381337499}"
EndProject
Global
	GlobalSection(SolutionConfigurationPlatforms) = preSolution
		Debug|Any CPU = Debug|Any CPU
		Release|Any CPU = Release|Any CPU
	EndGlobalSection
	GlobalSection(ProjectConfigurationPlatforms) = postSolution
		{70FBEC22-F403-4EC4-A759-DA1381337499}.Debug|Any CPU.ActiveCfg = Debug|Any CPU
		{70FBEC22-F403-4EC4-A759-DA1381337499}.Debug|Any CPU.Build.0 = Debug|Any CPU
		{70FBEC22-F403-4EC4-A759-DA1381337499}.Release|Any CPU.ActiveCfg = Release|Any CPU
		{70FBEC22-F403-4EC4-A759-DA1381337499}.Release|Any CPU.Build.0 = Release|Any CPU
	EndGlobalSection
	GlobalSection(SolutionProperties) = preSolution
		HideSolutionNode = FALSE
	EndGlobalSection
	GlobalSection(ExtensibilityGlobals) = postSolution
		SolutionGuid = {486A0B68-C607-4D12-AC67-432E3BF42686}
	EndGlobalSection
EndGlobal
